
Microsoft Visual Studio Solution File, Format Version 12.00
# Visual Studio 15
VisualStudioVersion = 15.0.28307.960
MinimumVisualStudioVersion = 10.0.40219.1
Project("{FAE04EC0-301F-11D3-BF4B-00C04F79EFBC}") = "EbubekirBastama_Html_Builder", "EbubekirBastama_Html_Builder\EbubekirBastama_Html_Builder.csproj", "{B91A072B-A0C3-468C-B578-614EE8769A22}"
EndProject
Global
	GlobalSection(SolutionConfigurationPlatforms) = preSolution
		Debug|Any CPU = Debug|Any CPU
		Release|Any CPU = Release|Any CPU
	EndGlobalSection
	GlobalSection(ProjectConfigurationPlatforms) = postSolution
		{B91A072B-A0C3-468C-B578-614EE8769A22}.Debug|Any CPU.ActiveCfg = Debug|Any CPU
		{B91A072B-A0C3-468C-B578-614EE8769A22}.Debug|Any CPU.Build.0 = Debug|Any CPU
		{B91A072B-A0C3-468C-B578-614EE8769A22}.Release|Any CPU.ActiveCfg = Release|Any CPU
		{B91A072B-A0C3-468C-B578-614EE8769A22}.Release|Any CPU.Build.0 = Release|Any CPU
	EndGlobalSection
	GlobalSection(SolutionProperties) = preSolution
		HideSolutionNode = FALSE
	EndGlobalSection
	GlobalSection(ExtensibilityGlobals) = postSolution
		SolutionGuid = {A54F8DE2-954F-4011-875E-BB194608E81E}
	EndGlobalSection
EndGlobal
